<Solution>
  <Folder Name="/Solution Items/">
    <File Path=".gitignore" />
  </Folder>
  <Project Path="Practical26.Api/Practical26.Api.csproj" />
  <Project Path="Practical26.Application/Practical26.Application.csproj" />
  <Project Path="Practical26.Domain/Practical26.Domain.csproj" />
  <Project Path="Practical26.Infrastructure/Practical26.Infrastructure.csproj" />
</Solution>
